{
  "name": "ecommerce-javascript-integration",
  "version": "1.0.0",
  "lockfileVersion": 1,
  "requires": true,
  "dependencies": {
    "mime-db": {
      "version": "1.51.0",
      "resolved": "https://registry.npmjs.org/mime-db/-/mime-db-1.51.0.tgz",
      "integrity": "sha512-5y8A56jg7XVQx2mbv1lu49NR4dokRnhZYTtL+KGfaa27uq4pSTXkwQkFJl4pkRMyNFz/EtYDSkiiEHx3F7UN6g=="
    },
    "tslib": {
      "version": "1.14.1",
      "resolved": "https://registry.npmjs.org/tslib/-/tslib-1.14.1.tgz",
      "integrity": "sha512-Xni35NKzjgMrwevysHTCArtLDpPvye8zV/0E4EyYn43P7/7qvQwPh9BGkHewbMulVntbigmcT7rdX3BNo9wRJg=="
    },
    "web-dev-server": {
      "version": "3.0.22",
      "resolved": "https://registry.npmjs.org/web-dev-server/-/web-dev-server-3.0.22.tgz",
      "integrity": "sha512-4ZJGLXBIwRq+s15tS8MLxpN1PB6IPoho1Icmd6lSU7n6o4XcFlvCe2799GrF57jJ621DaA9NPpM7oNacAY+pCA==",
      "requires": {
        "mime-db": "^1.43.0",
        "tslib": "^1.10"
      }
    }
  }
}
